github.com/Autodesk/sponnet v0.0.0-20201029095429-25310c6d3328/go.mod h1:Phy4Ozy3a3oQs+nSM9DYMpmN85JelAqIot2lEVDTm2I=
github.com/Autodesk/sponnet v1.0.0 h1:+ANvwtocGCUjwJ9CR3v5oPLlaUPDcugX/o+SizvF64Y=
github.com/Autodesk/sponnet v2.0.0+incompatible h1:3x5s6IvsAXgeLArxedD3hwMZUOSQB6So9cyqpdPuQjg=
github.com/Autodesk/sponnet v2.0.0+incompatible/go.mod h1:Phy4Ozy3a3oQs+nSM9DYMpmN85JelAqIot2lEVDTm2I=
